
Microsoft Visual Studio Solution File, Format Version 12.00
# Visual Studio Version 16
VisualStudioVersion = 16.0.29009.5
MinimumVisualStudioVersion = 10.0.40219.1
Project("{34036844-64E7-43A5-9151-4AD90E180989}") = "TempHumidDataModule", "TempHumidDataModule\TempHumidDataModule.iotedgeproj", "{83B02CCA-DF6A-4AE9-A9CF-E8424DA967DD}"
EndProject
Project("{FAE04EC0-301F-11D3-BF4B-00C04F79EFBC}") = "TempHumidModule", "TempHumidModule\TempHumidModule.csproj", "{3F6A5D63-E16F-4DA8-A61D-4C1E46263F7F}"
EndProject
Global
	GlobalSection(SolutionConfigurationPlatforms) = preSolution
		Debug|Any CPU = Debug|Any CPU
		Release|Any CPU = Release|Any CPU
	EndGlobalSection
	GlobalSection(ProjectConfigurationPlatforms) = postSolution
		{83B02CCA-DF6A-4AE9-A9CF-E8424DA967DD}.Debug|Any CPU.ActiveCfg = Debug|Any CPU
		{83B02CCA-DF6A-4AE9-A9CF-E8424DA967DD}.Debug|Any CPU.Build.0 = Debug|Any CPU
		{83B02CCA-DF6A-4AE9-A9CF-E8424DA967DD}.Release|Any CPU.ActiveCfg = Release|Any CPU
		{83B02CCA-DF6A-4AE9-A9CF-E8424DA967DD}.Release|Any CPU.Build.0 = Release|Any CPU
		{3F6A5D63-E16F-4DA8-A61D-4C1E46263F7F}.Debug|Any CPU.ActiveCfg = Debug|Any CPU
		{3F6A5D63-E16F-4DA8-A61D-4C1E46263F7F}.Debug|Any CPU.Build.0 = Debug|Any CPU
		{3F6A5D63-E16F-4DA8-A61D-4C1E46263F7F}.Release|Any CPU.ActiveCfg = Release|Any CPU
		{3F6A5D63-E16F-4DA8-A61D-4C1E46263F7F}.Release|Any CPU.Build.0 = Release|Any CPU
	EndGlobalSection
	GlobalSection(SolutionProperties) = preSolution
		HideSolutionNode = FALSE
	EndGlobalSection
	GlobalSection(ExtensibilityGlobals) = postSolution
		SolutionGuid = {03125BE3-470E-409E-9D1A-3CB710D9E295}
	EndGlobalSection
EndGlobal
